
Microsoft Visual Studio Solution File, Format Version 12.00
# Visual Studio Version 16
VisualStudioVersion = 16.0.28803.156
MinimumVisualStudioVersion = 10.0.40219.1
Project("{FAE04EC0-301F-11D3-BF4B-00C04F79EFBC}") = "RainfallCalculator", "RainfallCalculator.csproj", "{3351BDF8-6823-4B25-9B56-CB9B9C5139CA}"
EndProject
Global
	GlobalSection(SolutionConfigurationPlatforms) = preSolution
		Debug|Any CPU = Debug|Any CPU
		Release|Any CPU = Release|Any CPU
	EndGlobalSection
	GlobalSection(ProjectConfigurationPlatforms) = postSolution
		{3351BDF8-6823-4B25-9B56-CB9B9C5139CA}.Debug|Any CPU.ActiveCfg = Debug|Any CPU
		{3351BDF8-6823-4B25-9B56-CB9B9C5139CA}.Debug|Any CPU.Build.0 = Debug|Any CPU
		{3351BDF8-6823-4B25-9B56-CB9B9C5139CA}.Release|Any CPU.ActiveCfg = Release|Any CPU
		{3351BDF8-6823-4B25-9B56-CB9B9C5139CA}.Release|Any CPU.Build.0 = Release|Any CPU
	EndGlobalSection
	GlobalSection(SolutionProperties) = preSolution
		HideSolutionNode = FALSE
	EndGlobalSection
	GlobalSection(ExtensibilityGlobals) = postSolution
		SolutionGuid = {A9E2B34B-3D88-4BD7-84EE-BF6A00EABEA5}
	EndGlobalSection
EndGlobal
